
Microsoft Visual Studio Solution File, Format Version 12.00
# Visual Studio Version 17
VisualStudioVersion = 17.3.32929.385
MinimumVisualStudioVersion = 10.0.40219.1
Project("{9A19103F-16F7-4668-BE54-9A1E7A4F7556}") = "SocialGolferBFS", "Social Golfers\SocialGolferBFS.csproj", "{09A84DDF-2D8D-4841-98F4-C39ABDA6FC33}"
EndProject
Project("{9A19103F-16F7-4668-BE54-9A1E7A4F7556}") = "SocialGolferDFS", "SocialGolferDFS\SocialGolferDFS.csproj", "{312C3849-B6FF-42B8-9449-3E3D333D72A5}"
EndProject
Global
	GlobalSection(SolutionConfigurationPlatforms) = preSolution
		Debug|Any CPU = Debug|Any CPU
		Release|Any CPU = Release|Any CPU
	EndGlobalSection
	GlobalSection(ProjectConfigurationPlatforms) = postSolution
		{09A84DDF-2D8D-4841-98F4-C39ABDA6FC33}.Debug|Any CPU.ActiveCfg = Debug|Any CPU
		{09A84DDF-2D8D-4841-98F4-C39ABDA6FC33}.Debug|Any CPU.Build.0 = Debug|Any CPU
		{09A84DDF-2D8D-4841-98F4-C39ABDA6FC33}.Release|Any CPU.ActiveCfg = Release|Any CPU
		{09A84DDF-2D8D-4841-98F4-C39ABDA6FC33}.Release|Any CPU.Build.0 = Release|Any CPU
		{312C3849-B6FF-42B8-9449-3E3D333D72A5}.Debug|Any CPU.ActiveCfg = Debug|Any CPU
		{312C3849-B6FF-42B8-9449-3E3D333D72A5}.Debug|Any CPU.Build.0 = Debug|Any CPU
		{312C3849-B6FF-42B8-9449-3E3D333D72A5}.Release|Any CPU.ActiveCfg = Release|Any CPU
		{312C3849-B6FF-42B8-9449-3E3D333D72A5}.Release|Any CPU.Build.0 = Release|Any CPU
	EndGlobalSection
	GlobalSection(SolutionProperties) = preSolution
		HideSolutionNode = FALSE
	EndGlobalSection
	GlobalSection(ExtensibilityGlobals) = postSolution
		SolutionGuid = {29EAE17F-EA55-4BD5-A6C9-847F1BEDB4D9}
	EndGlobalSection
EndGlobal
